
Microsoft Visual Studio Solution File, Format Version 12.00
# Visual Studio Version 16
VisualStudioVersion = 16.0.30717.126
MinimumVisualStudioVersion = 10.0.40219.1
Project("{FAE04EC0-301F-11D3-BF4B-00C04F79EFBC}") = "AuthServices", "AuthServices.csproj", "{4C91E603-1EA5-4187-993F-40F8921FA13B}"
EndProject
Global
	GlobalSection(SolutionConfigurationPlatforms) = preSolution
		Debug|Any CPU = Debug|Any CPU
		Release|Any CPU = Release|Any CPU
	EndGlobalSection
	GlobalSection(ProjectConfigurationPlatforms) = postSolution
		{4C91E603-1EA5-4187-993F-40F8921FA13B}.Debug|Any CPU.ActiveCfg = Debug|Any CPU
		{4C91E603-1EA5-4187-993F-40F8921FA13B}.Debug|Any CPU.Build.0 = Debug|Any CPU
		{4C91E603-1EA5-4187-993F-40F8921FA13B}.Release|Any CPU.ActiveCfg = Release|Any CPU
		{4C91E603-1EA5-4187-993F-40F8921FA13B}.Release|Any CPU.Build.0 = Release|Any CPU
	EndGlobalSection
	GlobalSection(SolutionProperties) = preSolution
		HideSolutionNode = FALSE
	EndGlobalSection
	GlobalSection(ExtensibilityGlobals) = postSolution
		SolutionGuid = {342D1FE8-2035-4B8F-9057-3F5C13DE547F}
	EndGlobalSection
EndGlobal
